<?xml version="1.0" encoding="utf-8"?>
<Project ToolsVersion="4.0" xmlns="http://schemas.microsoft.com/developer/msbuild/2003">
  <ItemGroup>
    <Filter Include="win32">
      <UniqueIdentifier>{84a8ebd7-7cf0-47f6-b75e-d441df67da40}</UniqueIdentifier>
    </Filter>
    <Filter Include="resource">
      <UniqueIdentifier>{715254bc-d70b-4ec5-bf29-467dd3ace079}</UniqueIdentifier>
    </Filter>
    <Filter Include="src">
      <UniqueIdentifier>{bb6c862e-70e9-49d9-81b7-3829a6f50471}</UniqueIdentifier>
    </Filter>
  </ItemGroup>
  <ItemGroup>
    <ClCompile Include="main.cpp">
      <Filter>win32</Filter>
    </ClCompile>
    <ClCompile Include="..\Classes\AppDelegate.cpp">
      <Filter>src</Filter>
    </ClCompile>
    <ClCompile Include="..\Classes\Start.cpp">
      <Filter>src</Filter>
    </ClCompile>
    <ClCompile Include="..\Classes\select.cpp">
      <Filter>src</Filter>
    </ClCompile>
    <ClCompile Include="..\Classes\relax.cpp">
      <Filter>src</Filter>
    </ClCompile>
    <ClCompile Include="..\Classes\challenge.cpp">
      <Filter>src</Filter>
    </ClCompile>
    <ClCompile Include="..\Classes\story.cpp">
      <Filter>src</Filter>
    </ClCompile>
    <ClCompile Include="..\Classes\help.cpp">
      <Filter>src</Filter>
    </ClCompile>
    <ClCompile Include="..\Classes\settings.cpp">
      <Filter>src</Filter>
    </ClCompile>
    <ClCompile Include="..\Classes\gameover.cpp">
      <Filter>src</Filter>
    </ClCompile>
    <ClCompile Include="..\Classes\huoyuan.cpp">
      <Filter>src</Filter>
    </ClCompile>
    <ClCompile Include="..\Classes\huoyuangame.cpp">
      <Filter>src</Filter>
    </ClCompile>
    <ClCompile Include="..\Classes\huoyuangameover.cpp">
      <Filter>src</Filter>
    </ClCompile>
    <ClCompile Include="..\Classes\mengyan.cpp">
      <Filter>src</Filter>
    </ClCompile>
    <ClCompile Include="..\Classes\mengyangame.cpp">
      <Filter>src</Filter>
    </ClCompile>
    <ClCompile Include="..\Classes\mengyangameover.cpp">
      <Filter>src</Filter>
    </ClCompile>
    <ClCompile Include="..\Classes\tutangame.cpp">
      <Filter>src</Filter>
    </ClCompile>
    <ClCompile Include="..\Classes\tutan.cpp">
      <Filter>src</Filter>
    </ClCompile>
    <ClCompile Include="..\Classes\tutangameover.cpp">
      <Filter>src</Filter>
    </ClCompile>
    <ClCompile Include="..\Classes\shuguang.cpp">
      <Filter>src</Filter>
    </ClCompile>
    <ClCompile Include="..\Classes\shuguanggame.cpp">
      <Filter>src</Filter>
    </ClCompile>
    <ClCompile Include="..\Classes\shuguanggameover.cpp">
      <Filter>src</Filter>
    </ClCompile>
  </ItemGroup>
  <ItemGroup>
    <ClInclude Include="main.h">
      <Filter>win32</Filter>
    </ClInclude>
    <ClInclude Include="..\Classes\AppDelegate.h">
      <Filter>src</Filter>
    </ClInclude>
    <ClInclude Include="..\Classes\Start.h">
      <Filter>src</Filter>
    </ClInclude>
    <ClInclude Include="..\Classes\select.h">
      <Filter>src</Filter>
    </ClInclude>
    <ClInclude Include="..\Classes\relax.h">
      <Filter>src</Filter>
    </ClInclude>
    <ClInclude Include="..\Classes\challenge.h">
      <Filter>src</Filter>
    </ClInclude>
    <ClInclude Include="..\Classes\story.h">
      <Filter>src</Filter>
    </ClInclude>
    <ClInclude Include="..\Classes\help.h">
      <Filter>src</Filter>
    </ClInclude>
    <ClInclude Include="..\Classes\settings.h">
      <Filter>src</Filter>
    </ClInclude>
    <ClInclude Include="..\Classes\gameover.h">
      <Filter>src</Filter>
    </ClInclude>
    <ClInclude Include="..\Classes\huoyuan.h">
      <Filter>src</Filter>
    </ClInclude>
    <ClInclude Include="..\Classes\huoyuangame.h">
      <Filter>src</Filter>
    </ClInclude>
    <ClInclude Include="..\Classes\huoyuangameover.h">
      <Filter>src</Filter>
    </ClInclude>
    <ClInclude Include="..\Classes\mengyan.h">
      <Filter>src</Filter>
    </ClInclude>
    <ClInclude Include="..\Classes\mengyangame.h">
      <Filter>src</Filter>
    </ClInclude>
    <ClInclude Include="..\Classes\mengyangameover.h">
      <Filter>src</Filter>
    </ClInclude>
    <ClInclude Include="..\Classes\tutangame.h">
      <Filter>src</Filter>
    </ClInclude>
    <ClInclude Include="..\Classes\tutan.h">
      <Filter>src</Filter>
    </ClInclude>
    <ClInclude Include="..\Classes\tutangameover.h">
      <Filter>src</Filter>
    </ClInclude>
    <ClInclude Include="..\Classes\shuguang.h">
      <Filter>src</Filter>
    </ClInclude>
    <ClInclude Include="..\Classes\shuguanggame.h">
      <Filter>src</Filter>
    </ClInclude>
    <ClInclude Include="..\Classes\shuguanggameover.h">
      <Filter>src</Filter>
    </ClInclude>
  </ItemGroup>
  <ItemGroup>
    <ResourceCompile Include="game.rc">
      <Filter>resource</Filter>
    </ResourceCompile>
  </ItemGroup>
</Project>